
Microsoft Visual Studio Solution File, Format Version 12.00
# Visual Studio Version 17
VisualStudioVersion = 17.5.33530.505
MinimumVisualStudioVersion = 10.0.40219.1
Project("{FAE04EC0-301F-11D3-BF4B-00C04F79EFBC}") = "Odk.BluePrism.Skat", "Odk.BluePrism.Skat\Odk.BluePrism.Skat.csproj", "{B7552478-283B-4BEE-BF7B-AA4E38EE41B0}"
EndProject
Project("{FAE04EC0-301F-11D3-BF4B-00C04F79EFBC}") = "Odk.BluePrism.Skat.Tests", "Odk.BluePrism.Skat.Tests\Odk.BluePrism.Skat.Tests.csproj", "{0959CA62-2F18-42C6-97AC-76FC206F1070}"
EndProject
Project("{FAE04EC0-301F-11D3-BF4B-00C04F79EFBC}") = "Odk.BluePrism.Skat.ConsoleApp", "Odk.BluePrism.Skat.ConsoleApp\Odk.BluePrism.Skat.ConsoleApp.csproj", "{0FF73D9D-766A-43E0-9650-A101D186EEC3}"
EndProject
Global
	GlobalSection(SolutionConfigurationPlatforms) = preSolution
		Debug|Any CPU = Debug|Any CPU
		Release|Any CPU = Release|Any CPU
	EndGlobalSection
	GlobalSection(ProjectConfigurationPlatforms) = postSolution
		{B7552478-283B-4BEE-BF7B-AA4E38EE41B0}.Debug|Any CPU.ActiveCfg = Debug|Any CPU
		{B7552478-283B-4BEE-BF7B-AA4E38EE41B0}.Debug|Any CPU.Build.0 = Debug|Any CPU
		{B7552478-283B-4BEE-BF7B-AA4E38EE41B0}.Release|Any CPU.ActiveCfg = Release|Any CPU
		{B7552478-283B-4BEE-BF7B-AA4E38EE41B0}.Release|Any CPU.Build.0 = Release|Any CPU
		{0959CA62-2F18-42C6-97AC-76FC206F1070}.Debug|Any CPU.ActiveCfg = Debug|Any CPU
		{0959CA62-2F18-42C6-97AC-76FC206F1070}.Debug|Any CPU.Build.0 = Debug|Any CPU
		{0959CA62-2F18-42C6-97AC-76FC206F1070}.Release|Any CPU.ActiveCfg = Release|Any CPU
		{0959CA62-2F18-42C6-97AC-76FC206F1070}.Release|Any CPU.Build.0 = Release|Any CPU
		{0FF73D9D-766A-43E0-9650-A101D186EEC3}.Debug|Any CPU.ActiveCfg = Debug|Any CPU
		{0FF73D9D-766A-43E0-9650-A101D186EEC3}.Debug|Any CPU.Build.0 = Debug|Any CPU
		{0FF73D9D-766A-43E0-9650-A101D186EEC3}.Release|Any CPU.ActiveCfg = Release|Any CPU
		{0FF73D9D-766A-43E0-9650-A101D186EEC3}.Release|Any CPU.Build.0 = Release|Any CPU
	EndGlobalSection
	GlobalSection(SolutionProperties) = preSolution
		HideSolutionNode = FALSE
	EndGlobalSection
	GlobalSection(ExtensibilityGlobals) = postSolution
		SolutionGuid = {973758A3-6359-4AA7-A241-1827C0EE4D62}
	EndGlobalSection
EndGlobal
